
Microsoft Visual Studio Solution File, Format Version 12.00
# Visual Studio Version 16
VisualStudioVersion = 16.0.30804.86
MinimumVisualStudioVersion = 10.0.40219.1
Project("{FAE04EC0-301F-11D3-BF4B-00C04F79EFBC}") = "HelloWorld", "HelloWorld\HelloWorld.csproj", "{EC509793-B537-421A-A330-7E4752B87A7F}"
EndProject
Global
	GlobalSection(SolutionConfigurationPlatforms) = preSolution
		Debug|Any CPU = Debug|Any CPU
		Release|Any CPU = Release|Any CPU
	EndGlobalSection
	GlobalSection(ProjectConfigurationPlatforms) = postSolution
		{EC509793-B537-421A-A330-7E4752B87A7F}.Debug|Any CPU.ActiveCfg = Debug|Any CPU
		{EC509793-B537-421A-A330-7E4752B87A7F}.Debug|Any CPU.Build.0 = Debug|Any CPU
		{EC509793-B537-421A-A330-7E4752B87A7F}.Release|Any CPU.ActiveCfg = Release|Any CPU
		{EC509793-B537-421A-A330-7E4752B87A7F}.Release|Any CPU.Build.0 = Release|Any CPU
	EndGlobalSection
	GlobalSection(SolutionProperties) = preSolution
		HideSolutionNode = FALSE
	EndGlobalSection
	GlobalSection(ExtensibilityGlobals) = postSolution
		SolutionGuid = {8C3A3D10-3597-4FB6-A222-324CBF9EEB1F}
	EndGlobalSection
EndGlobal
